
Microsoft Visual Studio Solution File, Format Version 12.00
# Visual Studio 15
VisualStudioVersion = 15.0.26430.14
MinimumVisualStudioVersion = 10.0.40219.1
Project("{FAE04EC0-301F-11D3-BF4B-00C04F79EFBC}") = "DemoGeoPoint.Android", "DemoGeoPoint\DemoGeoPoint.Android\DemoGeoPoint.Android.csproj", "{BA41103F-17CE-401C-9CCA-0B3BC0880C5B}"
EndProject
Project("{FAE04EC0-301F-11D3-BF4B-00C04F79EFBC}") = "DemoGeoPoint", "DemoGeoPoint\DemoGeoPoint\DemoGeoPoint.csproj", "{5300B76F-6C41-4797-A003-B6BE2658B207}"
EndProject
Project("{FAE04EC0-301F-11D3-BF4B-00C04F79EFBC}") = "DemoGeoPoint.UWP", "DemoGeoPoint\DemoGeoPoint.UWP\DemoGeoPoint.UWP.csproj", "{1120E103-EDBD-4B4A-BB6D-915757153ECE}"
EndProject
Project("{FAE04EC0-301F-11D3-BF4B-00C04F79EFBC}") = "DemoGeoPoint.iOS", "DemoGeoPoint\DemoGeoPoint.iOS\DemoGeoPoint.iOS.csproj", "{91C810A6-C7B6-4CE5-A563-1D262379D3FF}"
EndProject
Global
	GlobalSection(SolutionConfigurationPlatforms) = preSolution
		Ad-Hoc|Any CPU = Ad-Hoc|Any CPU
		Ad-Hoc|ARM = Ad-Hoc|ARM
		Ad-Hoc|iPhone = Ad-Hoc|iPhone
		Ad-Hoc|iPhoneSimulator = Ad-Hoc|iPhoneSimulator
		Ad-Hoc|x64 = Ad-Hoc|x64
		Ad-Hoc|x86 = Ad-Hoc|x86
		AppStore|Any CPU = AppStore|Any CPU
		AppStore|ARM = AppStore|ARM
		AppStore|iPhone = AppStore|iPhone
		AppStore|iPhoneSimulator = AppStore|iPhoneSimulator
		AppStore|x64 = AppStore|x64
		AppStore|x86 = AppStore|x86
		Debug|Any CPU = Debug|Any CPU
		Debug|ARM = Debug|ARM
		Debug|iPhone = Debug|iPhone
		Debug|iPhoneSimulator = Debug|iPhoneSimulator
		Debug|x64 = Debug|x64
		Debug|x86 = Debug|x86
		Release|Any CPU = Release|Any CPU
		Release|ARM = Release|ARM
		Release|iPhone = Release|iPhone
		Release|iPhoneSimulator = Release|iPhoneSimulator
		Release|x64 = Release|x64
		Release|x86 = Release|x86
	EndGlobalSection
	GlobalSection(ProjectConfigurationPlatforms) = postSolution
		{BA41103F-17CE-401C-9CCA-0B3BC0880C5B}.Ad-Hoc|Any CPU.ActiveCfg = Release|Any CPU
		{BA41103F-17CE-401C-9CCA-0B3BC0880C5B}.Ad-Hoc|Any CPU.Build.0 = Release|Any CPU
		{BA41103F-17CE-401C-9CCA-0B3BC0880C5B}.Ad-Hoc|Any CPU.Deploy.0 = Release|Any CPU
		{BA41103F-17CE-401C-9CCA-0B3BC0880C5B}.Ad-Hoc|ARM.ActiveCfg = Release|Any CPU
		{BA41103F-17CE-401C-9CCA-0B3BC0880C5B}.Ad-Hoc|ARM.Build.0 = Release|Any CPU
		{BA41103F-17CE-401C-9CCA-0B3BC0880C5B}.Ad-Hoc|ARM.Deploy.0 = Release|Any CPU
		{BA41103F-17CE-401C-9CCA-0B3BC0880C5B}.Ad-Hoc|iPhone.ActiveCfg = Release|Any CPU
		{BA41103F-17CE-401C-9CCA-0B3BC0880C5B}.Ad-Hoc|iPhone.Build.0 = Release|Any CPU
		{BA41103F-17CE-401C-9CCA-0B3BC0880C5B}.Ad-Hoc|iPhone.Deploy.0 = Release|Any CPU
		{BA41103F-17CE-401C-9CCA-0B3BC0880C5B}.Ad-Hoc|iPhoneSimulator.ActiveCfg = Release|Any CPU
		{BA41103F-17CE-401C-9CCA-0B3BC0880C5B}.Ad-Hoc|iPhoneSimulator.Build.0 = Release|Any CPU
		{BA41103F-17CE-401C-9CCA-0B3BC0880C5B}.Ad-Hoc|iPhoneSimulator.Deploy.0 = Release|Any CPU
		{BA41103F-17CE-401C-9CCA-0B3BC0880C5B}.Ad-Hoc|x64.ActiveCfg = Release|Any CPU
		{BA41103F-17CE-401C-9CCA-0B3BC0880C5B}.Ad-Hoc|x64.Build.0 = Release|Any CPU
		{BA41103F-17CE-401C-9CCA-0B3BC0880C5B}.Ad-Hoc|x64.Deploy.0 = Release|Any CPU
		{BA41103F-17CE-401C-9CCA-0B3BC0880C5B}.Ad-Hoc|x86.ActiveCfg = Release|Any CPU
		{BA41103F-17CE-401C-9CCA-0B3BC0880C5B}.Ad-Hoc|x86.Build.0 = Release|Any CPU
		{BA41103F-17CE-401C-9CCA-0B3BC0880C5B}.Ad-Hoc|x86.Deploy.0 = Release|Any CPU
		{BA41103F-17CE-401C-9CCA-0B3BC0880C5B}.AppStore|Any CPU.ActiveCfg = Release|Any CPU
		{BA41103F-17CE-401C-9CCA-0B3BC0880C5B}.AppStore|Any CPU.Build.0 = Release|Any CPU
		{BA41103F-17CE-401C-9CCA-0B3BC0880C5B}.AppStore|Any CPU.Deploy.0 = Release|Any CPU
		{BA41103F-17CE-401C-9CCA-0B3BC0880C5B}.AppStore|ARM.ActiveCfg = Release|Any CPU
		{BA41103F-17CE-401C-9CCA-0B3BC0880C5B}.AppStore|ARM.Build.0 = Release|Any CPU
		{BA41103F-17CE-401C-9CCA-0B3BC0880C5B}.AppStore|ARM.Deploy.0 = Release|Any CPU
		{BA41103F-17CE-401C-9CCA-0B3BC0880C5B}.AppStore|iPhone.ActiveCfg = Release|Any CPU
		{BA41103F-17CE-401C-9CCA-0B3BC0880C5B}.AppStore|iPhone.Build.0 = Release|Any CPU
		{BA41103F-17CE-401C-9CCA-0B3BC0880C5B}.AppStore|iPhone.Deploy.0 = Release|Any CPU
		{BA41103F-17CE-401C-9CCA-0B3BC0880C5B}.AppStore|iPhoneSimulator.ActiveCfg = Release|Any CPU
		{BA41103F-17CE-401C-9CCA-0B3BC0880C5B}.AppStore|iPhoneSimulator.Build.0 = Release|Any CPU
		{BA41103F-17CE-401C-9CCA-0B3BC0880C5B}.AppStore|iPhoneSimulator.Deploy.0 = Release|Any CPU
		{BA41103F-17CE-401C-9CCA-0B3BC0880C5B}.AppStore|x64.ActiveCfg = Release|Any CPU
		{BA41103F-17CE-401C-9CCA-0B3BC0880C5B}.AppStore|x64.Build.0 = Release|Any CPU
		{BA41103F-17CE-401C-9CCA-0B3BC0880C5B}.AppStore|x64.Deploy.0 = Release|Any CPU
		{BA41103F-17CE-401C-9CCA-0B3BC0880C5B}.AppStore|x86.ActiveCfg = Release|Any CPU
		{BA41103F-17CE-401C-9CCA-0B3BC0880C5B}.AppStore|x86.Build.0 = Release|Any CPU
		{BA41103F-17CE-401C-9CCA-0B3BC0880C5B}.AppStore|x86.Deploy.0 = Release|Any CPU
		{BA41103F-17CE-401C-9CCA-0B3BC0880C5B}.Debug|Any CPU.ActiveCfg = Debug|Any CPU
		{BA41103F-17CE-401C-9CCA-0B3BC0880C5B}.Debug|Any CPU.Build.0 = Debug|Any CPU
		{BA41103F-17CE-401C-9CCA-0B3BC0880C5B}.Debug|Any CPU.Deploy.0 = Debug|Any CPU
		{BA41103F-17CE-401C-9CCA-0B3BC0880C5B}.Debug|ARM.ActiveCfg = Debug|Any CPU
		{BA41103F-17CE-401C-9CCA-0B3BC0880C5B}.Debug|ARM.Build.0 = Debug|Any CPU
		{BA41103F-17CE-401C-9CCA-0B3BC0880C5B}.Debug|ARM.Deploy.0 = Debug|Any CPU
		{BA41103F-17CE-401C-9CCA-0B3BC0880C5B}.Debug|iPhone.ActiveCfg = Debug|Any CPU
		{BA41103F-17CE-401C-9CCA-0B3BC0880C5B}.Debug|iPhone.Build.0 = Debug|Any CPU
		{BA41103F-17CE-401C-9CCA-0B3BC0880C5B}.Debug|iPhone.Deploy.0 = Debug|Any CPU
		{BA41103F-17CE-401C-9CCA-0B3BC0880C5B}.Debug|iPhoneSimulator.ActiveCfg = Debug|Any CPU
		{BA41103F-17CE-401C-9CCA-0B3BC0880C5B}.Debug|iPhoneSimulator.Build.0 = Debug|Any CPU
		{BA41103F-17CE-401C-9CCA-0B3BC0880C5B}.Debug|iPhoneSimulator.Deploy.0 = Debug|Any CPU
		{BA41103F-17CE-401C-9CCA-0B3BC0880C5B}.Debug|x64.ActiveCfg = Debug|Any CPU
		{BA41103F-17CE-401C-9CCA-0B3BC0880C5B}.Debug|x64.Build.0 = Debug|Any CPU
		{BA41103F-17CE-401C-9CCA-0B3BC0880C5B}.Debug|x64.Deploy.0 = Debug|Any CPU
		{BA41103F-17CE-401C-9CCA-0B3BC0880C5B}.Debug|x86.ActiveCfg = Debug|Any CPU
		{BA41103F-17CE-401C-9CCA-0B3BC0880C5B}.Debug|x86.Build.0 = Debug|Any CPU
		{BA41103F-17CE-401C-9CCA-0B3BC0880C5B}.Debug|x86.Deploy.0 = Debug|Any CPU
		{BA41103F-17CE-401C-9CCA-0B3BC0880C5B}.Release|Any CPU.ActiveCfg = Release|Any CPU
		{BA41103F-17CE-401C-9CCA-0B3BC0880C5B}.Release|Any CPU.Build.0 = Release|Any CPU
		{BA41103F-17CE-401C-9CCA-0B3BC0880C5B}.Release|Any CPU.Deploy.0 = Release|Any CPU
		{BA41103F-17CE-401C-9CCA-0B3BC0880C5B}.Release|ARM.ActiveCfg = Release|Any CPU
		{BA41103F-17CE-401C-9CCA-0B3BC0880C5B}.Release|ARM.Build.0 = Release|Any CPU
		{BA41103F-17CE-401C-9CCA-0B3BC0880C5B}.Release|ARM.Deploy.0 = Release|Any CPU
		{BA41103F-17CE-401C-9CCA-0B3BC0880C5B}.Release|iPhone.ActiveCfg = Release|Any CPU
		{BA41103F-17CE-401C-9CCA-0B3BC0880C5B}.Release|iPhone.Build.0 = Release|Any CPU
		{BA41103F-17CE-401C-9CCA-0B3BC0880C5B}.Release|iPhone.Deploy.0 = Release|Any CPU
		{BA41103F-17CE-401C-9CCA-0B3BC0880C5B}.Release|iPhoneSimulator.ActiveCfg = Release|Any CPU
		{BA41103F-17CE-401C-9CCA-0B3BC0880C5B}.Release|iPhoneSimulator.Build.0 = Release|Any CPU
		{BA41103F-17CE-401C-9CCA-0B3BC0880C5B}.Release|iPhoneSimulator.Deploy.0 = Release|Any CPU
		{BA41103F-17CE-401C-9CCA-0B3BC0880C5B}.Release|x64.ActiveCfg = Release|Any CPU
		{BA41103F-17CE-401C-9CCA-0B3BC0880C5B}.Release|x64.Build.0 = Release|Any CPU
		{BA41103F-17CE-401C-9CCA-0B3BC0880C5B}.Release|x64.Deploy.0 = Release|Any CPU
		{BA41103F-17CE-401C-9CCA-0B3BC0880C5B}.Release|x86.ActiveCfg = Release|Any CPU
		{BA41103F-17CE-401C-9CCA-0B3BC0880C5B}.Release|x86.Build.0 = Release|Any CPU
		{BA41103F-17CE-401C-9CCA-0B3BC0880C5B}.Release|x86.Deploy.0 = Release|Any CPU
		{5300B76F-6C41-4797-A003-B6BE2658B207}.Ad-Hoc|Any CPU.ActiveCfg = Release|Any CPU
		{5300B76F-6C41-4797-A003-B6BE2658B207}.Ad-Hoc|Any CPU.Build.0 = Release|Any CPU
		{5300B76F-6C41-4797-A003-B6BE2658B207}.Ad-Hoc|ARM.ActiveCfg = Release|Any CPU
		{5300B76F-6C41-4797-A003-B6BE2658B207}.Ad-Hoc|ARM.Build.0 = Release|Any CPU
		{5300B76F-6C41-4797-A003-B6BE2658B207}.Ad-Hoc|iPhone.ActiveCfg = Release|Any CPU
		{5300B76F-6C41-4797-A003-B6BE2658B207}.Ad-Hoc|iPhone.Build.0 = Release|Any CPU
		{5300B76F-6C41-4797-A003-B6BE2658B207}.Ad-Hoc|iPhoneSimulator.ActiveCfg = Release|Any CPU
		{5300B76F-6C41-4797-A003-B6BE2658B207}.Ad-Hoc|iPhoneSimulator.Build.0 = Release|Any CPU
		{5300B76F-6C41-4797-A003-B6BE2658B207}.Ad-Hoc|x64.ActiveCfg = Release|Any CPU
		{5300B76F-6C41-4797-A003-B6BE2658B207}.Ad-Hoc|x64.Build.0 = Release|Any CPU
		{5300B76F-6C41-4797-A003-B6BE2658B207}.Ad-Hoc|x86.ActiveCfg = Release|Any CPU
		{5300B76F-6C41-4797-A003-B6BE2658B207}.Ad-Hoc|x86.Build.0 = Release|Any CPU
		{5300B76F-6C41-4797-A003-B6BE2658B207}.AppStore|Any CPU.ActiveCfg = Release|Any CPU
		{5300B76F-6C41-4797-A003-B6BE2658B207}.AppStore|Any CPU.Build.0 = Release|Any CPU
		{5300B76F-6C41-4797-A003-B6BE2658B207}.AppStore|ARM.ActiveCfg = Release|Any CPU
		{5300B76F-6C41-4797-A003-B6BE2658B207}.AppStore|ARM.Build.0 = Release|Any CPU
		{5300B76F-6C41-4797-A003-B6BE2658B207}.AppStore|iPhone.ActiveCfg = Release|Any CPU
		{5300B76F-6C41-4797-A003-B6BE2658B207}.AppStore|iPhone.Build.0 = Release|Any CPU
		{5300B76F-6C41-4797-A003-B6BE2658B207}.AppStore|iPhoneSimulator.ActiveCfg = Release|Any CPU
		{5300B76F-6C41-4797-A003-B6BE2658B207}.AppStore|iPhoneSimulator.Build.0 = Release|Any CPU
		{5300B76F-6C41-4797-A003-B6BE2658B207}.AppStore|x64.ActiveCfg = Release|Any CPU
		{5300B76F-6C41-4797-A003-B6BE2658B207}.AppStore|x64.Build.0 = Release|Any CPU
		{5300B76F-6C41-4797-A003-B6BE2658B207}.AppStore|x86.ActiveCfg = Release|Any CPU
		{5300B76F-6C41-4797-A003-B6BE2658B207}.AppStore|x86.Build.0 = Release|Any CPU
		{5300B76F-6C41-4797-A003-B6BE2658B207}.Debug|Any CPU.ActiveCfg = Debug|Any CPU
		{5300B76F-6C41-4797-A003-B6BE2658B207}.Debug|Any CPU.Build.0 = Debug|Any CPU
		{5300B76F-6C41-4797-A003-B6BE2658B207}.Debug|ARM.ActiveCfg = Debug|Any CPU
		{5300B76F-6C41-4797-A003-B6BE2658B207}.Debug|ARM.Build.0 = Debug|Any CPU
		{5300B76F-6C41-4797-A003-B6BE2658B207}.Debug|iPhone.ActiveCfg = Debug|Any CPU
		{5300B76F-6C41-4797-A003-B6BE2658B207}.Debug|iPhone.Build.0 = Debug|Any CPU
		{5300B76F-6C41-4797-A003-B6BE2658B207}.Debug|iPhoneSimulator.ActiveCfg = Debug|Any CPU
		{5300B76F-6C41-4797-A003-B6BE2658B207}.Debug|iPhoneSimulator.Build.0 = Debug|Any CPU
		{5300B76F-6C41-4797-A003-B6BE2658B207}.Debug|x64.ActiveCfg = Debug|Any CPU
		{5300B76F-6C41-4797-A003-B6BE2658B207}.Debug|x64.Build.0 = Debug|Any CPU
		{5300B76F-6C41-4797-A003-B6BE2658B207}.Debug|x86.ActiveCfg = Debug|Any CPU
		{5300B76F-6C41-4797-A003-B6BE2658B207}.Debug|x86.Build.0 = Debug|Any CPU
		{5300B76F-6C41-4797-A003-B6BE2658B207}.Release|Any CPU.ActiveCfg = Release|Any CPU
		{5300B76F-6C41-4797-A003-B6BE2658B207}.Release|Any CPU.Build.0 = Release|Any CPU
		{5300B76F-6C41-4797-A003-B6BE2658B207}.Release|ARM.ActiveCfg = Release|Any CPU
		{5300B76F-6C41-4797-A003-B6BE2658B207}.Release|ARM.Build.0 = Release|Any CPU
		{5300B76F-6C41-4797-A003-B6BE2658B207}.Release|iPhone.ActiveCfg = Release|Any CPU
		{5300B76F-6C41-4797-A003-B6BE2658B207}.Release|iPhone.Build.0 = Release|Any CPU
		{5300B76F-6C41-4797-A003-B6BE2658B207}.Release|iPhoneSimulator.ActiveCfg = Release|Any CPU
		{5300B76F-6C41-4797-A003-B6BE2658B207}.Release|iPhoneSimulator.Build.0 = Release|Any CPU
		{5300B76F-6C41-4797-A003-B6BE2658B207}.Release|x64.ActiveCfg = Release|Any CPU
		{5300B76F-6C41-4797-A003-B6BE2658B207}.Release|x64.Build.0 = Release|Any CPU
		{5300B76F-6C41-4797-A003-B6BE2658B207}.Release|x86.ActiveCfg = Release|Any CPU
		{5300B76F-6C41-4797-A003-B6BE2658B207}.Release|x86.Build.0 = Release|Any CPU
		{1120E103-EDBD-4B4A-BB6D-915757153ECE}.Ad-Hoc|Any CPU.ActiveCfg = Release|x86
		{1120E103-EDBD-4B4A-BB6D-915757153ECE}.Ad-Hoc|Any CPU.Build.0 = Release|x86
		{1120E103-EDBD-4B4A-BB6D-915757153ECE}.Ad-Hoc|Any CPU.Deploy.0 = Release|x86
		{1120E103-EDBD-4B4A-BB6D-915757153ECE}.Ad-Hoc|ARM.ActiveCfg = Release|ARM
		{1120E103-EDBD-4B4A-BB6D-915757153ECE}.Ad-Hoc|ARM.Build.0 = Release|ARM
		{1120E103-EDBD-4B4A-BB6D-915757153ECE}.Ad-Hoc|ARM.Deploy.0 = Release|ARM
		{1120E103-EDBD-4B4A-BB6D-915757153ECE}.Ad-Hoc|iPhone.ActiveCfg = Release|x86
		{1120E103-EDBD-4B4A-BB6D-915757153ECE}.Ad-Hoc|iPhone.Build.0 = Release|x86
		{1120E103-EDBD-4B4A-BB6D-915757153ECE}.Ad-Hoc|iPhone.Deploy.0 = Release|x86
		{1120E103-EDBD-4B4A-BB6D-915757153ECE}.Ad-Hoc|iPhoneSimulator.ActiveCfg = Release|x86
		{1120E103-EDBD-4B4A-BB6D-915757153ECE}.Ad-Hoc|iPhoneSimulator.Build.0 = Release|x86
		{1120E103-EDBD-4B4A-BB6D-915757153ECE}.Ad-Hoc|iPhoneSimulator.Deploy.0 = Release|x86
		{1120E103-EDBD-4B4A-BB6D-915757153ECE}.Ad-Hoc|x64.ActiveCfg = Release|x64
		{1120E103-EDBD-4B4A-BB6D-915757153ECE}.Ad-Hoc|x64.Build.0 = Release|x64
		{1120E103-EDBD-4B4A-BB6D-915757153ECE}.Ad-Hoc|x64.Deploy.0 = Release|x64
		{1120E103-EDBD-4B4A-BB6D-915757153ECE}.Ad-Hoc|x86.ActiveCfg = Release|x86
		{1120E103-EDBD-4B4A-BB6D-915757153ECE}.Ad-Hoc|x86.Build.0 = Release|x86
		{1120E103-EDBD-4B4A-BB6D-915757153ECE}.Ad-Hoc|x86.Deploy.0 = Release|x86
		{1120E103-EDBD-4B4A-BB6D-915757153ECE}.AppStore|Any CPU.ActiveCfg = Release|x86
		{1120E103-EDBD-4B4A-BB6D-915757153ECE}.AppStore|Any CPU.Build.0 = Release|x86
		{1120E103-EDBD-4B4A-BB6D-915757153ECE}.AppStore|Any CPU.Deploy.0 = Release|x86
		{1120E103-EDBD-4B4A-BB6D-915757153ECE}.AppStore|ARM.ActiveCfg = Release|ARM
		{1120E103-EDBD-4B4A-BB6D-915757153ECE}.AppStore|ARM.Build.0 = Release|ARM
		{1120E103-EDBD-4B4A-BB6D-915757153ECE}.AppStore|ARM.Deploy.0 = Release|ARM
		{1120E103-EDBD-4B4A-BB6D-915757153ECE}.AppStore|iPhone.ActiveCfg = Release|x86
		{1120E103-EDBD-4B4A-BB6D-915757153ECE}.AppStore|iPhone.Build.0 = Release|x86
		{1120E103-EDBD-4B4A-BB6D-915757153ECE}.AppStore|iPhone.Deploy.0 = Release|x86
		{1120E103-EDBD-4B4A-BB6D-915757153ECE}.AppStore|iPhoneSimulator.ActiveCfg = Release|x86
		{1120E103-EDBD-4B4A-BB6D-915757153ECE}.AppStore|iPhoneSimulator.Build.0 = Release|x86
		{1120E103-EDBD-4B4A-BB6D-915757153ECE}.AppStore|iPhoneSimulator.Deploy.0 = Release|x86
		{1120E103-EDBD-4B4A-BB6D-915757153ECE}.AppStore|x64.ActiveCfg = Release|x64
		{1120E103-EDBD-4B4A-BB6D-915757153ECE}.AppStore|x64.Build.0 = Release|x64
		{1120E103-EDBD-4B4A-BB6D-915757153ECE}.AppStore|x64.Deploy.0 = Release|x64
		{1120E103-EDBD-4B4A-BB6D-915757153ECE}.AppStore|x86.ActiveCfg = Release|x86
		{1120E103-EDBD-4B4A-BB6D-915757153ECE}.AppStore|x86.Build.0 = Release|x86
		{1120E103-EDBD-4B4A-BB6D-915757153ECE}.AppStore|x86.Deploy.0 = Release|x86
		{1120E103-EDBD-4B4A-BB6D-915757153ECE}.Debug|Any CPU.ActiveCfg = Debug|x86
		{1120E103-EDBD-4B4A-BB6D-915757153ECE}.Debug|ARM.ActiveCfg = Debug|ARM
		{1120E103-EDBD-4B4A-BB6D-915757153ECE}.Debug|ARM.Build.0 = Debug|ARM
		{1120E103-EDBD-4B4A-BB6D-915757153ECE}.Debug|ARM.Deploy.0 = Debug|ARM
		{1120E103-EDBD-4B4A-BB6D-915757153ECE}.Debug|iPhone.ActiveCfg = Debug|x86
		{1120E103-EDBD-4B4A-BB6D-915757153ECE}.Debug|iPhoneSimulator.ActiveCfg = Debug|x86
		{1120E103-EDBD-4B4A-BB6D-915757153ECE}.Debug|x64.ActiveCfg = Debug|x64
		{1120E103-EDBD-4B4A-BB6D-915757153ECE}.Debug|x64.Build.0 = Debug|x64
		{1120E103-EDBD-4B4A-BB6D-915757153ECE}.Debug|x64.Deploy.0 = Debug|x64
		{1120E103-EDBD-4B4A-BB6D-915757153ECE}.Debug|x86.ActiveCfg = Debug|x86
		{1120E103-EDBD-4B4A-BB6D-915757153ECE}.Debug|x86.Build.0 = Debug|x86
		{1120E103-EDBD-4B4A-BB6D-915757153ECE}.Debug|x86.Deploy.0 = Debug|x86
		{1120E103-EDBD-4B4A-BB6D-915757153ECE}.Release|Any CPU.ActiveCfg = Release|x86
		{1120E103-EDBD-4B4A-BB6D-915757153ECE}.Release|ARM.ActiveCfg = Release|ARM
		{1120E103-EDBD-4B4A-BB6D-915757153ECE}.Release|ARM.Build.0 = Release|ARM
		{1120E103-EDBD-4B4A-BB6D-915757153ECE}.Release|ARM.Deploy.0 = Release|ARM
		{1120E103-EDBD-4B4A-BB6D-915757153ECE}.Release|iPhone.ActiveCfg = Release|x86
		{1120E103-EDBD-4B4A-BB6D-915757153ECE}.Release|iPhoneSimulator.ActiveCfg = Release|x86
		{1120E103-EDBD-4B4A-BB6D-915757153ECE}.Release|x64.ActiveCfg = Release|x64
		{1120E103-EDBD-4B4A-BB6D-915757153ECE}.Release|x64.Build.0 = Release|x64
		{1120E103-EDBD-4B4A-BB6D-915757153ECE}.Release|x64.Deploy.0 = Release|x64
		{1120E103-EDBD-4B4A-BB6D-915757153ECE}.Release|x86.ActiveCfg = Release|x86
		{1120E103-EDBD-4B4A-BB6D-915757153ECE}.Release|x86.Build.0 = Release|x86
		{1120E103-EDBD-4B4A-BB6D-915757153ECE}.Release|x86.Deploy.0 = Release|x86
		{91C810A6-C7B6-4CE5-A563-1D262379D3FF}.Ad-Hoc|Any CPU.ActiveCfg = Ad-Hoc|iPhone
		{91C810A6-C7B6-4CE5-A563-1D262379D3FF}.Ad-Hoc|ARM.ActiveCfg = Ad-Hoc|iPhone
		{91C810A6-C7B6-4CE5-A563-1D262379D3FF}.Ad-Hoc|iPhone.ActiveCfg = Ad-Hoc|iPhone
		{91C810A6-C7B6-4CE5-A563-1D262379D3FF}.Ad-Hoc|iPhone.Build.0 = Ad-Hoc|iPhone
		{91C810A6-C7B6-4CE5-A563-1D262379D3FF}.Ad-Hoc|iPhoneSimulator.ActiveCfg = Ad-Hoc|iPhoneSimulator
		{91C810A6-C7B6-4CE5-A563-1D262379D3FF}.Ad-Hoc|iPhoneSimulator.Build.0 = Ad-Hoc|iPhoneSimulator
		{91C810A6-C7B6-4CE5-A563-1D262379D3FF}.Ad-Hoc|x64.ActiveCfg = Ad-Hoc|iPhone
		{91C810A6-C7B6-4CE5-A563-1D262379D3FF}.Ad-Hoc|x86.ActiveCfg = Ad-Hoc|iPhone
		{91C810A6-C7B6-4CE5-A563-1D262379D3FF}.AppStore|Any CPU.ActiveCfg = AppStore|iPhone
		{91C810A6-C7B6-4CE5-A563-1D262379D3FF}.AppStore|ARM.ActiveCfg = AppStore|iPhone
		{91C810A6-C7B6-4CE5-A563-1D262379D3FF}.AppStore|iPhone.ActiveCfg = AppStore|iPhone
		{91C810A6-C7B6-4CE5-A563-1D262379D3FF}.AppStore|iPhone.Build.0 = AppStore|iPhone
		{91C810A6-C7B6-4CE5-A563-1D262379D3FF}.AppStore|iPhoneSimulator.ActiveCfg = AppStore|iPhoneSimulator
		{91C810A6-C7B6-4CE5-A563-1D262379D3FF}.AppStore|iPhoneSimulator.Build.0 = AppStore|iPhoneSimulator
		{91C810A6-C7B6-4CE5-A563-1D262379D3FF}.AppStore|x64.ActiveCfg = AppStore|iPhone
		{91C810A6-C7B6-4CE5-A563-1D262379D3FF}.AppStore|x86.ActiveCfg = AppStore|iPhone
		{91C810A6-C7B6-4CE5-A563-1D262379D3FF}.Debug|Any CPU.ActiveCfg = Debug|iPhone
		{91C810A6-C7B6-4CE5-A563-1D262379D3FF}.Debug|ARM.ActiveCfg = Debug|iPhone
		{91C810A6-C7B6-4CE5-A563-1D262379D3FF}.Debug|iPhone.ActiveCfg = Debug|iPhone
		{91C810A6-C7B6-4CE5-A563-1D262379D3FF}.Debug|iPhone.Build.0 = Debug|iPhone
		{91C810A6-C7B6-4CE5-A563-1D262379D3FF}.Debug|iPhoneSimulator.ActiveCfg = Debug|iPhoneSimulator
		{91C810A6-C7B6-4CE5-A563-1D262379D3FF}.Debug|iPhoneSimulator.Build.0 = Debug|iPhoneSimulator
		{91C810A6-C7B6-4CE5-A563-1D262379D3FF}.Debug|x64.ActiveCfg = Debug|iPhone
		{91C810A6-C7B6-4CE5-A563-1D262379D3FF}.Debug|x86.ActiveCfg = Debug|iPhone
		{91C810A6-C7B6-4CE5-A563-1D262379D3FF}.Release|Any CPU.ActiveCfg = Release|iPhone
		{91C810A6-C7B6-4CE5-A563-1D262379D3FF}.Release|ARM.ActiveCfg = Release|iPhone
		{91C810A6-C7B6-4CE5-A563-1D262379D3FF}.Release|iPhone.ActiveCfg = Release|iPhone
		{91C810A6-C7B6-4CE5-A563-1D262379D3FF}.Release|iPhone.Build.0 = Release|iPhone
		{91C810A6-C7B6-4CE5-A563-1D262379D3FF}.Release|iPhoneSimulator.ActiveCfg = Release|iPhoneSimulator
		{91C810A6-C7B6-4CE5-A563-1D262379D3FF}.Release|iPhoneSimulator.Build.0 = Release|iPhoneSimulator
		{91C810A6-C7B6-4CE5-A563-1D262379D3FF}.Release|x64.ActiveCfg = Release|iPhone
		{91C810A6-C7B6-4CE5-A563-1D262379D3FF}.Release|x86.ActiveCfg = Release|iPhone
	EndGlobalSection
	GlobalSection(SolutionProperties) = preSolution
		HideSolutionNode = FALSE
	EndGlobalSection
EndGlobal
